{
  "nodes": {
    "nixpkgs": {
      "locked": {
        "lastModified": 1619731593,
        "narHash": "sha256-el32rvfgoUFYqAEHv8oCN58xqfa7Cf+i92v2zqjUWvY=",
        "owner": "NixOS",
        "repo": "nixpkgs",
        "rev": "fbadd0efe071f913f9ddd6e0c3b2b1c22d998c14",
        "type": "github"
      },
      "original": {
        "id": "nixpkgs",
        "type": "indirect"
      }
    },
    "root": {
      "inputs": {
        "nixpkgs": "nixpkgs"
      }
    }
  },
  "root": "root",
  "version": 7
}
